
Microsoft Visual Studio Solution File, Format Version 12.00
# Visual Studio Version 17
VisualStudioVersion = 17.7.34031.279
MinimumVisualStudioVersion = 10.0.40219.1
Project("{8BC9CEB8-8B4A-11D0-8D11-00A0C91BC942}") = "01_EtherSample", "01_EtherSample\01_EtherSample.vcxproj", "{56181DA7-8F9C-485E-AC1F-EB1651BCFBE2}"
EndProject
Project("{8BC9CEB8-8B4A-11D0-8D11-00A0C91BC942}") = "01_PcapFileSample", "01_PcapFileSample\01_PcapFileSample.vcxproj", "{04405CCF-9A3A-4B9C-84EF-79161E0FFB6F}"
EndProject
Project("{8BC9CEB8-8B4A-11D0-8D11-00A0C91BC942}") = "02_IpSample", "02_IpSample\02_IpSample.vcxproj", "{DF2ED5EF-A3F6-4FE6-8797-450CA7CC9C74}"
EndProject
Project("{8BC9CEB8-8B4A-11D0-8D11-00A0C91BC942}") = "02_IpFragments", "02_IpFragments\02_IpFragments.vcxproj", "{9CE8CFDD-6F58-4640-ACB6-C6E310E8880C}"
EndProject
Project("{8BC9CEB8-8B4A-11D0-8D11-00A0C91BC942}") = "03_TcpSample", "03_TcpSample\03_TcpSample.vcxproj", "{C06C29A3-C04C-4D05-91C4-DD6D6C3A62D0}"
EndProject
Project("{8BC9CEB8-8B4A-11D0-8D11-00A0C91BC942}") = "03_TcpServer", "03_TcpServer\03_TcpServer.vcxproj", "{7AD87F4F-EAA0-40AB-9EF1-7C3663E07BDD}"
EndProject
Project("{8BC9CEB8-8B4A-11D0-8D11-00A0C91BC942}") = "03_TcpClient", "03_TcpClient\03_TcpClient.vcxproj", "{533DA23F-30DB-48F1-BF5F-2FA6DD607A91}"
EndProject
Project("{8BC9CEB8-8B4A-11D0-8D11-00A0C91BC942}") = "04_EtherSender", "04_EtherSender\04_EtherSender.vcxproj", "{1A3DAE89-BE7B-432B-A5A9-BA618F088A1D}"
EndProject
Project("{8BC9CEB8-8B4A-11D0-8D11-00A0C91BC942}") = "04_EtherReceiver", "04_EtherReceiver\04_EtherReceiver.vcxproj", "{5EB5669C-381B-4137-BCA7-D4DE3A34B8E7}"
EndProject
Project("{8BC9CEB8-8B4A-11D0-8D11-00A0C91BC942}") = "04_UdpSender", "04_UdpSender\04_UdpSender.vcxproj", "{2E94BA07-F535-4960-BB28-AD1477B31423}"
EndProject
Project("{8BC9CEB8-8B4A-11D0-8D11-00A0C91BC942}") = "04_UdpReceiver", "04_UdpReceiver\04_UdpReceiver.vcxproj", "{3D5FB587-4335-48D0-9CB0-1CDB3324797E}"
EndProject
Project("{8BC9CEB8-8B4A-11D0-8D11-00A0C91BC942}") = "04_EtherUdpSender", "04_EtherUdpSender\04_EtherUdpSender.vcxproj", "{415485A4-584E-4B7C-B7A2-D028B129F67E}"
EndProject
Project("{8BC9CEB8-8B4A-11D0-8D11-00A0C91BC942}") = "04_UdpIpChecksum", "04_UdpIpChecksum\04_UdpIpChecksum.vcxproj", "{CB30CBBC-35B5-49CF-A4B3-74A306C4D017}"
EndProject
Project("{8BC9CEB8-8B4A-11D0-8D11-00A0C91BC942}") = "04_TcpReset", "04_TcpReset\04_TcpReset.vcxproj", "{4114522A-CFB0-4BAC-AECF-277F16815718}"
EndProject
Project("{8BC9CEB8-8B4A-11D0-8D11-00A0C91BC942}") = "05_HttpSample", "05_HttpSample\05_HttpSample.vcxproj", "{C449D8BB-56B7-4ED3-943C-DF1A3E5A461F}"
EndProject
Project("{8BC9CEB8-8B4A-11D0-8D11-00A0C91BC942}") = "03_TcpChatMonitor", "03_TcpChatMonitor\03_TcpChatMonitor.vcxproj", "{9D62401D-4B30-4318-AB1F-1B1E818AD668}"
EndProject
Project("{2150E333-8FDC-42A3-9474-1A3956D46DE8}") = "docs", "docs", "{2CF11B3B-A924-439B-B97B-E2EC3D67B447}"
	ProjectSection(SolutionItems) = preProject
		SETTING.md = SETTING.md
	EndProjectSection
EndProject
Global
	GlobalSection(SolutionConfigurationPlatforms) = preSolution
		Debug|x64 = Debug|x64
		Debug|x86 = Debug|x86
		Release|x64 = Release|x64
		Release|x86 = Release|x86
	EndGlobalSection
	GlobalSection(ProjectConfigurationPlatforms) = postSolution
		{56181DA7-8F9C-485E-AC1F-EB1651BCFBE2}.Debug|x64.ActiveCfg = Debug|x64
		{56181DA7-8F9C-485E-AC1F-EB1651BCFBE2}.Debug|x64.Build.0 = Debug|x64
		{56181DA7-8F9C-485E-AC1F-EB1651BCFBE2}.Debug|x86.ActiveCfg = Debug|Win32
		{56181DA7-8F9C-485E-AC1F-EB1651BCFBE2}.Debug|x86.Build.0 = Debug|Win32
		{56181DA7-8F9C-485E-AC1F-EB1651BCFBE2}.Release|x64.ActiveCfg = Release|x64
		{56181DA7-8F9C-485E-AC1F-EB1651BCFBE2}.Release|x64.Build.0 = Release|x64
		{56181DA7-8F9C-485E-AC1F-EB1651BCFBE2}.Release|x86.ActiveCfg = Release|Win32
		{56181DA7-8F9C-485E-AC1F-EB1651BCFBE2}.Release|x86.Build.0 = Release|Win32
		{04405CCF-9A3A-4B9C-84EF-79161E0FFB6F}.Debug|x64.ActiveCfg = Debug|x64
		{04405CCF-9A3A-4B9C-84EF-79161E0FFB6F}.Debug|x64.Build.0 = Debug|x64
		{04405CCF-9A3A-4B9C-84EF-79161E0FFB6F}.Debug|x86.ActiveCfg = Debug|Win32
		{04405CCF-9A3A-4B9C-84EF-79161E0FFB6F}.Debug|x86.Build.0 = Debug|Win32
		{04405CCF-9A3A-4B9C-84EF-79161E0FFB6F}.Release|x64.ActiveCfg = Release|x64
		{04405CCF-9A3A-4B9C-84EF-79161E0FFB6F}.Release|x64.Build.0 = Release|x64
		{04405CCF-9A3A-4B9C-84EF-79161E0FFB6F}.Release|x86.ActiveCfg = Release|Win32
		{04405CCF-9A3A-4B9C-84EF-79161E0FFB6F}.Release|x86.Build.0 = Release|Win32
		{DF2ED5EF-A3F6-4FE6-8797-450CA7CC9C74}.Debug|x64.ActiveCfg = Debug|x64
		{DF2ED5EF-A3F6-4FE6-8797-450CA7CC9C74}.Debug|x64.Build.0 = Debug|x64
		{DF2ED5EF-A3F6-4FE6-8797-450CA7CC9C74}.Debug|x86.ActiveCfg = Debug|Win32
		{DF2ED5EF-A3F6-4FE6-8797-450CA7CC9C74}.Debug|x86.Build.0 = Debug|Win32
		{DF2ED5EF-A3F6-4FE6-8797-450CA7CC9C74}.Release|x64.ActiveCfg = Release|x64
		{DF2ED5EF-A3F6-4FE6-8797-450CA7CC9C74}.Release|x64.Build.0 = Release|x64
		{DF2ED5EF-A3F6-4FE6-8797-450CA7CC9C74}.Release|x86.ActiveCfg = Release|Win32
		{DF2ED5EF-A3F6-4FE6-8797-450CA7CC9C74}.Release|x86.Build.0 = Release|Win32
		{9CE8CFDD-6F58-4640-ACB6-C6E310E8880C}.Debug|x64.ActiveCfg = Debug|x64
		{9CE8CFDD-6F58-4640-ACB6-C6E310E8880C}.Debug|x64.Build.0 = Debug|x64
		{9CE8CFDD-6F58-4640-ACB6-C6E310E8880C}.Debug|x86.ActiveCfg = Debug|Win32
		{9CE8CFDD-6F58-4640-ACB6-C6E310E8880C}.Debug|x86.Build.0 = Debug|Win32
		{9CE8CFDD-6F58-4640-ACB6-C6E310E8880C}.Release|x64.ActiveCfg = Release|x64
		{9CE8CFDD-6F58-4640-ACB6-C6E310E8880C}.Release|x64.Build.0 = Release|x64
		{9CE8CFDD-6F58-4640-ACB6-C6E310E8880C}.Release|x86.ActiveCfg = Release|Win32
		{9CE8CFDD-6F58-4640-ACB6-C6E310E8880C}.Release|x86.Build.0 = Release|Win32
		{C06C29A3-C04C-4D05-91C4-DD6D6C3A62D0}.Debug|x64.ActiveCfg = Debug|x64
		{C06C29A3-C04C-4D05-91C4-DD6D6C3A62D0}.Debug|x64.Build.0 = Debug|x64
		{C06C29A3-C04C-4D05-91C4-DD6D6C3A62D0}.Debug|x86.ActiveCfg = Debug|Win32
		{C06C29A3-C04C-4D05-91C4-DD6D6C3A62D0}.Debug|x86.Build.0 = Debug|Win32
		{C06C29A3-C04C-4D05-91C4-DD6D6C3A62D0}.Release|x64.ActiveCfg = Release|x64
		{C06C29A3-C04C-4D05-91C4-DD6D6C3A62D0}.Release|x64.Build.0 = Release|x64
		{C06C29A3-C04C-4D05-91C4-DD6D6C3A62D0}.Release|x86.ActiveCfg = Release|Win32
		{C06C29A3-C04C-4D05-91C4-DD6D6C3A62D0}.Release|x86.Build.0 = Release|Win32
		{7AD87F4F-EAA0-40AB-9EF1-7C3663E07BDD}.Debug|x64.ActiveCfg = Debug|x64
		{7AD87F4F-EAA0-40AB-9EF1-7C3663E07BDD}.Debug|x64.Build.0 = Debug|x64
		{7AD87F4F-EAA0-40AB-9EF1-7C3663E07BDD}.Debug|x86.ActiveCfg = Debug|Win32
		{7AD87F4F-EAA0-40AB-9EF1-7C3663E07BDD}.Debug|x86.Build.0 = Debug|Win32
		{7AD87F4F-EAA0-40AB-9EF1-7C3663E07BDD}.Release|x64.ActiveCfg = Release|x64
		{7AD87F4F-EAA0-40AB-9EF1-7C3663E07BDD}.Release|x64.Build.0 = Release|x64
		{7AD87F4F-EAA0-40AB-9EF1-7C3663E07BDD}.Release|x86.ActiveCfg = Release|Win32
		{7AD87F4F-EAA0-40AB-9EF1-7C3663E07BDD}.Release|x86.Build.0 = Release|Win32
		{533DA23F-30DB-48F1-BF5F-2FA6DD607A91}.Debug|x64.ActiveCfg = Debug|x64
		{533DA23F-30DB-48F1-BF5F-2FA6DD607A91}.Debug|x64.Build.0 = Debug|x64
		{533DA23F-30DB-48F1-BF5F-2FA6DD607A91}.Debug|x86.ActiveCfg = Debug|Win32
		{533DA23F-30DB-48F1-BF5F-2FA6DD607A91}.Debug|x86.Build.0 = Debug|Win32
		{533DA23F-30DB-48F1-BF5F-2FA6DD607A91}.Release|x64.ActiveCfg = Release|x64
		{533DA23F-30DB-48F1-BF5F-2FA6DD607A91}.Release|x64.Build.0 = Release|x64
		{533DA23F-30DB-48F1-BF5F-2FA6DD607A91}.Release|x86.ActiveCfg = Release|Win32
		{533DA23F-30DB-48F1-BF5F-2FA6DD607A91}.Release|x86.Build.0 = Release|Win32
		{1A3DAE89-BE7B-432B-A5A9-BA618F088A1D}.Debug|x64.ActiveCfg = Debug|x64
		{1A3DAE89-BE7B-432B-A5A9-BA618F088A1D}.Debug|x64.Build.0 = Debug|x64
		{1A3DAE89-BE7B-432B-A5A9-BA618F088A1D}.Debug|x86.ActiveCfg = Debug|Win32
		{1A3DAE89-BE7B-432B-A5A9-BA618F088A1D}.Debug|x86.Build.0 = Debug|Win32
		{1A3DAE89-BE7B-432B-A5A9-BA618F088A1D}.Release|x64.ActiveCfg = Release|x64
		{1A3DAE89-BE7B-432B-A5A9-BA618F088A1D}.Release|x64.Build.0 = Release|x64
		{1A3DAE89-BE7B-432B-A5A9-BA618F088A1D}.Release|x86.ActiveCfg = Release|Win32
		{1A3DAE89-BE7B-432B-A5A9-BA618F088A1D}.Release|x86.Build.0 = Release|Win32
		{5EB5669C-381B-4137-BCA7-D4DE3A34B8E7}.Debug|x64.ActiveCfg = Debug|x64
		{5EB5669C-381B-4137-BCA7-D4DE3A34B8E7}.Debug|x64.Build.0 = Debug|x64
		{5EB5669C-381B-4137-BCA7-D4DE3A34B8E7}.Debug|x86.ActiveCfg = Debug|Win32
		{5EB5669C-381B-4137-BCA7-D4DE3A34B8E7}.Debug|x86.Build.0 = Debug|Win32
		{5EB5669C-381B-4137-BCA7-D4DE3A34B8E7}.Release|x64.ActiveCfg = Release|x64
		{5EB5669C-381B-4137-BCA7-D4DE3A34B8E7}.Release|x64.Build.0 = Release|x64
		{5EB5669C-381B-4137-BCA7-D4DE3A34B8E7}.Release|x86.ActiveCfg = Release|Win32
		{5EB5669C-381B-4137-BCA7-D4DE3A34B8E7}.Release|x86.Build.0 = Release|Win32
		{2E94BA07-F535-4960-BB28-AD1477B31423}.Debug|x64.ActiveCfg = Debug|x64
		{2E94BA07-F535-4960-BB28-AD1477B31423}.Debug|x64.Build.0 = Debug|x64
		{2E94BA07-F535-4960-BB28-AD1477B31423}.Debug|x86.ActiveCfg = Debug|Win32
		{2E94BA07-F535-4960-BB28-AD1477B31423}.Debug|x86.Build.0 = Debug|Win32
		{2E94BA07-F535-4960-BB28-AD1477B31423}.Release|x64.ActiveCfg = Release|x64
		{2E94BA07-F535-4960-BB28-AD1477B31423}.Release|x64.Build.0 = Release|x64
		{2E94BA07-F535-4960-BB28-AD1477B31423}.Release|x86.ActiveCfg = Release|Win32
		{2E94BA07-F535-4960-BB28-AD1477B31423}.Release|x86.Build.0 = Release|Win32
		{3D5FB587-4335-48D0-9CB0-1CDB3324797E}.Debug|x64.ActiveCfg = Debug|x64
		{3D5FB587-4335-48D0-9CB0-1CDB3324797E}.Debug|x64.Build.0 = Debug|x64
		{3D5FB587-4335-48D0-9CB0-1CDB3324797E}.Debug|x86.ActiveCfg = Debug|Win32
		{3D5FB587-4335-48D0-9CB0-1CDB3324797E}.Debug|x86.Build.0 = Debug|Win32
		{3D5FB587-4335-48D0-9CB0-1CDB3324797E}.Release|x64.ActiveCfg = Release|x64
		{3D5FB587-4335-48D0-9CB0-1CDB3324797E}.Release|x64.Build.0 = Release|x64
		{3D5FB587-4335-48D0-9CB0-1CDB3324797E}.Release|x86.ActiveCfg = Release|Win32
		{3D5FB587-4335-48D0-9CB0-1CDB3324797E}.Release|x86.Build.0 = Release|Win32
		{415485A4-584E-4B7C-B7A2-D028B129F67E}.Debug|x64.ActiveCfg = Debug|x64
		{415485A4-584E-4B7C-B7A2-D028B129F67E}.Debug|x64.Build.0 = Debug|x64
		{415485A4-584E-4B7C-B7A2-D028B129F67E}.Debug|x86.ActiveCfg = Debug|Win32
		{415485A4-584E-4B7C-B7A2-D028B129F67E}.Debug|x86.Build.0 = Debug|Win32
		{415485A4-584E-4B7C-B7A2-D028B129F67E}.Release|x64.ActiveCfg = Release|x64
		{415485A4-584E-4B7C-B7A2-D028B129F67E}.Release|x64.Build.0 = Release|x64
		{415485A4-584E-4B7C-B7A2-D028B129F67E}.Release|x86.ActiveCfg = Release|Win32
		{415485A4-584E-4B7C-B7A2-D028B129F67E}.Release|x86.Build.0 = Release|Win32
		{CB30CBBC-35B5-49CF-A4B3-74A306C4D017}.Debug|x64.ActiveCfg = Debug|x64
		{CB30CBBC-35B5-49CF-A4B3-74A306C4D017}.Debug|x64.Build.0 = Debug|x64
		{CB30CBBC-35B5-49CF-A4B3-74A306C4D017}.Debug|x86.ActiveCfg = Debug|Win32
		{CB30CBBC-35B5-49CF-A4B3-74A306C4D017}.Debug|x86.Build.0 = Debug|Win32
		{CB30CBBC-35B5-49CF-A4B3-74A306C4D017}.Release|x64.ActiveCfg = Release|x64
		{CB30CBBC-35B5-49CF-A4B3-74A306C4D017}.Release|x64.Build.0 = Release|x64
		{CB30CBBC-35B5-49CF-A4B3-74A306C4D017}.Release|x86.ActiveCfg = Release|Win32
		{CB30CBBC-35B5-49CF-A4B3-74A306C4D017}.Release|x86.Build.0 = Release|Win32
		{4114522A-CFB0-4BAC-AECF-277F16815718}.Debug|x64.ActiveCfg = Debug|x64
		{4114522A-CFB0-4BAC-AECF-277F16815718}.Debug|x64.Build.0 = Debug|x64
		{4114522A-CFB0-4BAC-AECF-277F16815718}.Debug|x86.ActiveCfg = Debug|Win32
		{4114522A-CFB0-4BAC-AECF-277F16815718}.Debug|x86.Build.0 = Debug|Win32
		{4114522A-CFB0-4BAC-AECF-277F16815718}.Release|x64.ActiveCfg = Release|x64
		{4114522A-CFB0-4BAC-AECF-277F16815718}.Release|x64.Build.0 = Release|x64
		{4114522A-CFB0-4BAC-AECF-277F16815718}.Release|x86.ActiveCfg = Release|Win32
		{4114522A-CFB0-4BAC-AECF-277F16815718}.Release|x86.Build.0 = Release|Win32
		{C449D8BB-56B7-4ED3-943C-DF1A3E5A461F}.Debug|x64.ActiveCfg = Debug|x64
		{C449D8BB-56B7-4ED3-943C-DF1A3E5A461F}.Debug|x64.Build.0 = Debug|x64
		{C449D8BB-56B7-4ED3-943C-DF1A3E5A461F}.Debug|x86.ActiveCfg = Debug|Win32
		{C449D8BB-56B7-4ED3-943C-DF1A3E5A461F}.Debug|x86.Build.0 = Debug|Win32
		{C449D8BB-56B7-4ED3-943C-DF1A3E5A461F}.Release|x64.ActiveCfg = Release|x64
		{C449D8BB-56B7-4ED3-943C-DF1A3E5A461F}.Release|x64.Build.0 = Release|x64
		{C449D8BB-56B7-4ED3-943C-DF1A3E5A461F}.Release|x86.ActiveCfg = Release|Win32
		{C449D8BB-56B7-4ED3-943C-DF1A3E5A461F}.Release|x86.Build.0 = Release|Win32
		{9D62401D-4B30-4318-AB1F-1B1E818AD668}.Debug|x64.ActiveCfg = Debug|x64
		{9D62401D-4B30-4318-AB1F-1B1E818AD668}.Debug|x64.Build.0 = Debug|x64
		{9D62401D-4B30-4318-AB1F-1B1E818AD668}.Debug|x86.ActiveCfg = Debug|Win32
		{9D62401D-4B30-4318-AB1F-1B1E818AD668}.Debug|x86.Build.0 = Debug|Win32
		{9D62401D-4B30-4318-AB1F-1B1E818AD668}.Release|x64.ActiveCfg = Release|x64
		{9D62401D-4B30-4318-AB1F-1B1E818AD668}.Release|x64.Build.0 = Release|x64
		{9D62401D-4B30-4318-AB1F-1B1E818AD668}.Release|x86.ActiveCfg = Release|Win32
		{9D62401D-4B30-4318-AB1F-1B1E818AD668}.Release|x86.Build.0 = Release|Win32
	EndGlobalSection
	GlobalSection(SolutionProperties) = preSolution
		HideSolutionNode = FALSE
	EndGlobalSection
	GlobalSection(ExtensibilityGlobals) = postSolution
		SolutionGuid = {1A2C977C-DF96-48BA-9B59-0CA2474F88A9}
	EndGlobalSection
EndGlobal
